
Microsoft Visual Studio Solution File, Format Version 12.00
# Visual Studio 15
VisualStudioVersion = 15.0.28307.705
MinimumVisualStudioVersion = 10.0.40219.1
Project("{8BC9CEB8-8B4A-11D0-8D11-00A0C91BC942}") = "ScreenSelector", "ScreenSelector.vcxproj", "{2FF18C3C-BBEC-417B-AADE-F09FDFD317EF}"
EndProject
Global
	GlobalSection(SolutionConfigurationPlatforms) = preSolution
		Debug|x64 = Debug|x64
		Debug|x86 = Debug|x86
		Release|x64 = Release|x64
		Release|x86 = Release|x86
	EndGlobalSection
	GlobalSection(ProjectConfigurationPlatforms) = postSolution
		{2FF18C3C-BBEC-417B-AADE-F09FDFD317EF}.Debug|x64.ActiveCfg = Debug|x64
		{2FF18C3C-BBEC-417B-AADE-F09FDFD317EF}.Debug|x64.Build.0 = Debug|x64
		{2FF18C3C-BBEC-417B-AADE-F09FDFD317EF}.Debug|x86.ActiveCfg = Debug|Win32
		{2FF18C3C-BBEC-417B-AADE-F09FDFD317EF}.Debug|x86.Build.0 = Debug|Win32
		{2FF18C3C-BBEC-417B-AADE-F09FDFD317EF}.Release|x64.ActiveCfg = Release|x64
		{2FF18C3C-BBEC-417B-AADE-F09FDFD317EF}.Release|x64.Build.0 = Release|x64
		{2FF18C3C-BBEC-417B-AADE-F09FDFD317EF}.Release|x86.ActiveCfg = Release|Win32
		{2FF18C3C-BBEC-417B-AADE-F09FDFD317EF}.Release|x86.Build.0 = Release|Win32
	EndGlobalSection
	GlobalSection(SolutionProperties) = preSolution
		HideSolutionNode = FALSE
	EndGlobalSection
	GlobalSection(ExtensibilityGlobals) = postSolution
		SolutionGuid = {243399CA-FE3F-45CA-B5CD-7BE632A4A5E5}
	EndGlobalSection
EndGlobal
